<?xml version="1.0" encoding="utf-8"?>
<Project ToolsVersion="4.0" xmlns="http://schemas.microsoft.com/developer/msbuild/2003">
  <ItemGroup>
    <None Include="ReadMe.txt" />
    <None Include="ClassDiagram.cd" />
  </ItemGroup>
  <ItemGroup>
    <Filter Include="Source Files">
      <UniqueIdentifier>{6c45f8fb-d770-4f7d-b3c8-da1caae30faa}</UniqueIdentifier>
    </Filter>
    <Filter Include="Resource Files">
      <UniqueIdentifier>{20bcb72d-7769-48b8-ab13-db35047ab7b4}</UniqueIdentifier>
    </Filter>
    <Filter Include="Header Files">
      <UniqueIdentifier>{7202bdcb-f5fd-45ba-a360-d78d8317aa29}</UniqueIdentifier>
    </Filter>
  </ItemGroup>
  <ItemGroup>
    <ResourceCompile Include="OpenGL3DTemplate.rc" />
  </ItemGroup>
  <ItemGroup>
    <Image Include="textures\metal.bmp">
      <Filter>Resource Files</Filter>
    </Image>
  </ItemGroup>
  <ItemGroup>
    <ClCompile Include="src\Bullet.cpp">
      <Filter>Source Files</Filter>
    </ClCompile>
    <ClCompile Include="src\Camera.cpp">
      <Filter>Source Files</Filter>
    </ClCompile>
    <ClCompile Include="src\Game.cpp">
      <Filter>Source Files</Filter>
    </ClCompile>
    <ClCompile Include="src\Grenade.cpp">
      <Filter>Source Files</Filter>
    </ClCompile>
    <ClCompile Include="src\Room.cpp">
      <Filter>Source Files</Filter>
    </ClCompile>
    <ClCompile Include="src\Shapes.cpp">
      <Filter>Source Files</Filter>
    </ClCompile>
    <ClCompile Include="src\Shuriken.cpp">
      <Filter>Source Files</Filter>
    </ClCompile>
    <ClCompile Include="src\Target.cpp">
      <Filter>Source Files</Filter>
    </ClCompile>
    <ClCompile Include="src\Weapon.cpp">
      <Filter>Source Files</Filter>
    </ClCompile>
  </ItemGroup>
  <ItemGroup>
    <ClInclude Include="include\Bullet.h">
      <Filter>Header Files</Filter>
    </ClInclude>
    <ClInclude Include="include\Camera.h">
      <Filter>Header Files</Filter>
    </ClInclude>
    <ClInclude Include="include\Game.h">
      <Filter>Header Files</Filter>
    </ClInclude>
    <ClInclude Include="include\glaux.h">
      <Filter>Header Files</Filter>
    </ClInclude>
    <ClInclude Include="include\glew.h">
      <Filter>Header Files</Filter>
    </ClInclude>
    <ClInclude Include="include\glut.h">
      <Filter>Header Files</Filter>
    </ClInclude>
    <ClInclude Include="include\Grenade.h">
      <Filter>Header Files</Filter>
    </ClInclude>
    <ClInclude Include="include\resource.h">
      <Filter>Header Files</Filter>
    </ClInclude>
    <ClInclude Include="include\Room.h">
      <Filter>Header Files</Filter>
    </ClInclude>
    <ClInclude Include="include\Shapes.h">
      <Filter>Header Files</Filter>
    </ClInclude>
    <ClInclude Include="include\Shuriken.h">
      <Filter>Header Files</Filter>
    </ClInclude>
    <ClInclude Include="include\SOIL.h">
      <Filter>Header Files</Filter>
    </ClInclude>
    <ClInclude Include="include\Target.h">
      <Filter>Header Files</Filter>
    </ClInclude>
    <ClInclude Include="include\Weapon.h">
      <Filter>Header Files</Filter>
    </ClInclude>
  </ItemGroup>
</Project>